// !$*UTF8*$!
{
	archiveVersion = 1;
	classes = {
	};
	objectVersion = 56;
	objects = {

/* Begin PBXBuildFile section */
		2BB0361E2CF8DD9A0030B376 /* AppDelegate.swift in Sources */ = {isa = PBXBuildFile; fileRef = 2BB0361D2CF8DD9A0030B376 /* AppDelegate.swift */; };
		2BB036202CF8DD9A0030B376 /* SceneDelegate.swift in Sources */ = {isa = PBXBuildFile; fileRef = 2BB0361F2CF8DD9A0030B376 /* SceneDelegate.swift */; };
		2BB036222CF8DD9A0030B376 /* ImageCollectionViewController.swift in Sources */ = {isa = PBXBuildFile; fileRef = 2BB036212CF8DD9A0030B376 /* ImageCollectionViewController.swift */; };
		2BB036272CF8DD9B0030B376 /* Assets.xcassets in Resources */ = {isa = PBXBuildFile; fileRef = 2BB036262CF8DD9B0030B376 /* Assets.xcassets */; };
		2BB0362A2CF8DD9B0030B376 /* Base in Resources */ = {isa = PBXBuildFile; fileRef = 2BB036292CF8DD9B0030B376 /* Base */; };
		2BB036322CF8DEC00030B376 /* ImageViewCell.swift in Sources */ = {isa = PBXBuildFile; fileRef = 2BB036312CF8DEC00030B376 /* ImageViewCell.swift */; };
		2BB036342CF8DFC40030B376 /* ImageCollectionViewModel.swift in Sources */ = {isa = PBXBuildFile; fileRef = 2BB036332CF8DFC40030B376 /* ImageCollectionViewModel.swift */; };
		2BB036362CF8E43C0030B376 /* NetworkService.swift in Sources */ = {isa = PBXBuildFile; fileRef = 2BB036352CF8E43C0030B376 /* NetworkService.swift */; };
		2BB036382CF8E63C0030B376 /* ImageInfo.swift in Sources */ = {isa = PBXBuildFile; fileRef = 2BB036372CF8E63C0030B376 /* ImageInfo.swift */; };
		2BB036412CF907C00030B376 /* ImageDetailsViewController.swift in Sources */ = {isa = PBXBuildFile; fileRef = 2BB036402CF907C00030B376 /* ImageDetailsViewController.swift */; };
		2BB036432CF9089B0030B376 /* ImageDetailsViewModel.swift in Sources */ = {isa = PBXBuildFile; fileRef = 2BB036422CF9089B0030B376 /* ImageDetailsViewModel.swift */; };
/* End PBXBuildFile section */

/* Begin PBXFileReference section */
		2BB0361A2CF8DD9A0030B376 /* Gallery_App.app */ = {isa = PBXFileReference; explicitFileType = wrapper.application; includeInIndex = 0; path = Gallery_App.app; sourceTree = BUILT_PRODUCTS_DIR; };
		2BB0361D2CF8DD9A0030B376 /* AppDelegate.swift */ = {isa = PBXFileReference; lastKnownFileType = sourcecode.swift; path = AppDelegate.swift; sourceTree = "<group>"; };
		2BB0361F2CF8DD9A0030B376 /* SceneDelegate.swift */ = {isa = PBXFileReference; lastKnownFileType = sourcecode.swift; path = SceneDelegate.swift; sourceTree = "<group>"; };
		2BB036212CF8DD9A0030B376 /* ImageCollectionViewController.swift */ = {isa = PBXFileReference; lastKnownFileType = sourcecode.swift; path = ImageCollectionViewController.swift; sourceTree = "<group>"; };
		2BB036262CF8DD9B0030B376 /* Assets.xcassets */ = {isa = PBXFileReference; lastKnownFileType = folder.assetcatalog; path = Assets.xcassets; sourceTree = "<group>"; };
		2BB036292CF8DD9B0030B376 /* Base */ = {isa = PBXFileReference; lastKnownFileType = file.storyboard; name = Base; path = Base.lproj/LaunchScreen.storyboard; sourceTree = "<group>"; };
		2BB0362B2CF8DD9B0030B376 /* Info.plist */ = {isa = PBXFileReference; lastKnownFileType = text.plist.xml; path = Info.plist; sourceTree = "<group>"; };
		2BB036312CF8DEC00030B376 /* ImageViewCell.swift */ = {isa = PBXFileReference; lastKnownFileType = sourcecode.swift; path = ImageViewCell.swift; sourceTree = "<group>"; };
		2BB036332CF8DFC40030B376 /* ImageCollectionViewModel.swift */ = {isa = PBXFileReference; lastKnownFileType = sourcecode.swift; path = ImageCollectionViewModel.swift; sourceTree = "<group>"; };
		2BB036352CF8E43C0030B376 /* NetworkService.swift */ = {isa = PBXFileReference; lastKnownFileType = sourcecode.swift; path = NetworkService.swift; sourceTree = "<group>"; };
		2BB036372CF8E63C0030B376 /* ImageInfo.swift */ = {isa = PBXFileReference; lastKnownFileType = sourcecode.swift; path = ImageInfo.swift; sourceTree = "<group>"; };
		2BB036402CF907C00030B376 /* ImageDetailsViewController.swift */ = {isa = PBXFileReference; lastKnownFileType = sourcecode.swift; path = ImageDetailsViewController.swift; sourceTree = "<group>"; };
		2BB036422CF9089B0030B376 /* ImageDetailsViewModel.swift */ = {isa = PBXFileReference; lastKnownFileType = sourcecode.swift; path = ImageDetailsViewModel.swift; sourceTree = "<group>"; };
/* End PBXFileReference section */

/* Begin PBXFrameworksBuildPhase section */
		2BB036172CF8DD9A0030B376 /* Frameworks */ = {
			isa = PBXFrameworksBuildPhase;
			buildActionMask = 2147483647;
			files = (
			);
			runOnlyForDeploymentPostprocessing = 0;
		};
/* End PBXFrameworksBuildPhase section */

/* Begin PBXGroup section */
		2BB036112CF8DD9A0030B376 = {
			isa = PBXGroup;
			children = (
				2BB0361C2CF8DD9A0030B376 /* Gallery_App */,
				2BB0361B2CF8DD9A0030B376 /* Products */,
			);
			sourceTree = "<group>";
		};
		2BB0361B2CF8DD9A0030B376 /* Products */ = {
			isa = PBXGroup;
			children = (
				2BB0361A2CF8DD9A0030B376 /* Gallery_App.app */,
			);
			name = Products;
			sourceTree = "<group>";
		};
		2BB0361C2CF8DD9A0030B376 /* Gallery_App */ = {
			isa = PBXGroup;
			children = (
				2BB036392CF8F2630030B376 /* Application */,
				2BB0363A2CF8F2720030B376 /* Controllers */,
				2BB0363F2CF8F2A50030B376 /* Views */,
				2BB0363E2CF8F29C0030B376 /* Services */,
				2BB0363D2CF8F2910030B376 /* ViewModels */,
				2BB0363C2CF8F2880030B376 /* Models */,
				2BB0363B2CF8F27D0030B376 /* Resources */,
				2BB0362B2CF8DD9B0030B376 /* Info.plist */,
			);
			path = Gallery_App;
			sourceTree = "<group>";
		};
		2BB036392CF8F2630030B376 /* Application */ = {
			isa = PBXGroup;
			children = (
				2BB0361D2CF8DD9A0030B376 /* AppDelegate.swift */,
				2BB0361F2CF8DD9A0030B376 /* SceneDelegate.swift */,
			);
			path = Application;
			sourceTree = "<group>";
		};
		2BB0363A2CF8F2720030B376 /* Controllers */ = {
			isa = PBXGroup;
			children = (
				2BB036212CF8DD9A0030B376 /* ImageCollectionViewController.swift */,
				2BB036402CF907C00030B376 /* ImageDetailsViewController.swift */,
			);
			path = Controllers;
			sourceTree = "<group>";
		};
		2BB0363B2CF8F27D0030B376 /* Resources */ = {
			isa = PBXGroup;
			children = (
				2BB036262CF8DD9B0030B376 /* Assets.xcassets */,
				2BB036282CF8DD9B0030B376 /* LaunchScreen.storyboard */,
			);
			path = Resources;
			sourceTree = "<group>";
		};
		2BB0363C2CF8F2880030B376 /* Models */ = {
			isa = PBXGroup;
			children = (
				2BB036372CF8E63C0030B376 /* ImageInfo.swift */,
			);
			path = Models;
			sourceTree = "<group>";
		};
		2BB0363D2CF8F2910030B376 /* ViewModels */ = {
			isa = PBXGroup;
			children = (
				2BB036332CF8DFC40030B376 /* ImageCollectionViewModel.swift */,
				2BB036422CF9089B0030B376 /* ImageDetailsViewModel.swift */,
			);
			path = ViewModels;
			sourceTree = "<group>";
		};
		2BB0363E2CF8F29C0030B376 /* Services */ = {
			isa = PBXGroup;
			children = (
				2BB036352CF8E43C0030B376 /* NetworkService.swift */,
			);
			path = Services;
			sourceTree = "<group>";
		};
		2BB0363F2CF8F2A50030B376 /* Views */ = {
			isa = PBXGroup;
			children = (
				2BB036312CF8DEC00030B376 /* ImageViewCell.swift */,
			);
			path = Views;
			sourceTree = "<group>";
		};
/* End PBXGroup section */

/* Begin PBXNativeTarget section */
		2BB036192CF8DD9A0030B376 /* Gallery_App */ = {
			isa = PBXNativeTarget;
			buildConfigurationList = 2BB0362E2CF8DD9B0030B376 /* Build configuration list for PBXNativeTarget "Gallery_App" */;
			buildPhases = (
				2BB036162CF8DD9A0030B376 /* Sources */,
				2BB036172CF8DD9A0030B376 /* Frameworks */,
				2BB036182CF8DD9A0030B376 /* Resources */,
			);
			buildRules = (
			);
			dependencies = (
			);
			name = Gallery_App;
			productName = Gallery_App;
			productReference = 2BB0361A2CF8DD9A0030B376 /* Gallery_App.app */;
			productType = "com.apple.product-type.application";
		};
/* End PBXNativeTarget section */

/* Begin PBXProject section */
		2BB036122CF8DD9A0030B376 /* Project object */ = {
			isa = PBXProject;
			attributes = {
				BuildIndependentTargetsInParallel = 1;
				LastSwiftUpdateCheck = 1540;
				LastUpgradeCheck = 1540;
				TargetAttributes = {
					2BB036192CF8DD9A0030B376 = {
						CreatedOnToolsVersion = 15.4;
					};
				};
			};
			buildConfigurationList = 2BB036152CF8DD9A0030B376 /* Build configuration list for PBXProject "Gallery_App" */;
			compatibilityVersion = "Xcode 14.0";
			developmentRegion = en;
			hasScannedForEncodings = 0;
			knownRegions = (
				en,
				Base,
			);
			mainGroup = 2BB036112CF8DD9A0030B376;
			productRefGroup = 2BB0361B2CF8DD9A0030B376 /* Products */;
			projectDirPath = "";
			projectRoot = "";
			targets = (
				2BB036192CF8DD9A0030B376 /* Gallery_App */,
			);
		};
/* End PBXProject section */

/* Begin PBXResourcesBuildPhase section */
		2BB036182CF8DD9A0030B376 /* Resources */ = {
			isa = PBXResourcesBuildPhase;
			buildActionMask = 2147483647;
			files = (
				2BB036272CF8DD9B0030B376 /* Assets.xcassets in Resources */,
				2BB0362A2CF8DD9B0030B376 /* Base in Resources */,
			);
			runOnlyForDeploymentPostprocessing = 0;
		};
/* End PBXResourcesBuildPhase section */

/* Begin PBXSourcesBuildPhase section */
		2BB036162CF8DD9A0030B376 /* Sources */ = {
			isa = PBXSourcesBuildPhase;
			buildActionMask = 2147483647;
			files = (
				2BB036322CF8DEC00030B376 /* ImageViewCell.swift in Sources */,
				2BB036432CF9089B0030B376 /* ImageDetailsViewModel.swift in Sources */,
				2BB036222CF8DD9A0030B376 /* ImageCollectionViewController.swift in Sources */,
				2BB036342CF8DFC40030B376 /* ImageCollectionViewModel.swift in Sources */,
				2BB036382CF8E63C0030B376 /* ImageInfo.swift in Sources */,
				2BB0361E2CF8DD9A0030B376 /* AppDelegate.swift in Sources */,
				2BB036362CF8E43C0030B376 /* NetworkService.swift in Sources */,
				2BB036412CF907C00030B376 /* ImageDetailsViewController.swift in Sources */,
				2BB036202CF8DD9A0030B376 /* SceneDelegate.swift in Sources */,
			);
			runOnlyForDeploymentPostprocessing = 0;
		};
/* End PBXSourcesBuildPhase section */

/* Begin PBXVariantGroup section */
		2BB036282CF8DD9B0030B376 /* LaunchScreen.storyboard */ = {
			isa = PBXVariantGroup;
			children = (
				2BB036292CF8DD9B0030B376 /* Base */,
			);
			name = LaunchScreen.storyboard;
			sourceTree = "<group>";
		};
/* End PBXVariantGroup section */

/* Begin XCBuildConfiguration section */
		2BB0362C2CF8DD9B0030B376 /* Debug */ = {
			isa = XCBuildConfiguration;
			buildSettings = {
				ALWAYS_SEARCH_USER_PATHS = NO;
				ASSETCATALOG_COMPILER_GENERATE_SWIFT_ASSET_SYMBOL_EXTENSIONS = YES;
				CLANG_ANALYZER_NONNULL = YES;
				CLANG_ANALYZER_NUMBER_OBJECT_CONVERSION = YES_AGGRESSIVE;
				CLANG_CXX_LANGUAGE_STANDARD = "gnu++20";
				CLANG_ENABLE_MODULES = YES;
				CLANG_ENABLE_OBJC_ARC = YES;
				CLANG_ENABLE_OBJC_WEAK = YES;
				CLANG_WARN_BLOCK_CAPTURE_AUTORELEASING = YES;
				CLANG_WARN_BOOL_CONVERSION = YES;
				CLANG_WARN_COMMA = YES;
				CLANG_WARN_CONSTANT_CONVERSION = YES;
				CLANG_WARN_DEPRECATED_OBJC_IMPLEMENTATIONS = YES;
				CLANG_WARN_DIRECT_OBJC_ISA_USAGE = YES_ERROR;
				CLANG_WARN_DOCUMENTATION_COMMENTS = YES;
				CLANG_WARN_EMPTY_BODY = YES;
				CLANG_WARN_ENUM_CONVERSION = YES;
				CLANG_WARN_INFINITE_RECURSION = YES;
				CLANG_WARN_INT_CONVERSION = YES;
				CLANG_WARN_NON_LITERAL_NULL_CONVERSION = YES;
				CLANG_WARN_OBJC_IMPLICIT_RETAIN_SELF = YES;
				CLANG_WARN_OBJC_LITERAL_CONVERSION = YES;
				CLANG_WARN_OBJC_ROOT_CLASS = YES_ERROR;
				CLANG_WARN_QUOTED_INCLUDE_IN_FRAMEWORK_HEADER = YES;
				CLANG_WARN_RANGE_LOOP_ANALYSIS = YES;
				CLANG_WARN_STRICT_PROTOTYPES = YES;
				CLANG_WARN_SUSPICIOUS_MOVE = YES;
				CLANG_WARN_UNGUARDED_AVAILABILITY = YES_AGGRESSIVE;
				CLANG_WARN_UNREACHABLE_CODE = YES;
				CLANG_WARN__DUPLICATE_METHOD_MATCH = YES;
				COPY_PHASE_STRIP = NO;
				DEBUG_INFORMATION_FORMAT = dwarf;
				ENABLE_STRICT_OBJC_MSGSEND = YES;
				ENABLE_TESTABILITY = YES;
				ENABLE_USER_SCRIPT_SANDBOXING = YES;
				GCC_C_LANGUAGE_STANDARD = gnu17;
				GCC_DYNAMIC_NO_PIC = NO;
				GCC_NO_COMMON_BLOCKS = YES;
				GCC_OPTIMIZATION_LEVEL = 0;
				GCC_PREPROCESSOR_DEFINITIONS = (
					"DEBUG=1",
					"$(inherited)",
				);
				GCC_WARN_64_TO_32_BIT_CONVERSION = YES;
				GCC_WARN_ABOUT_RETURN_TYPE = YES_ERROR;
				GCC_WARN_UNDECLARED_SELECTOR = YES;
				GCC_WARN_UNINITIALIZED_AUTOS = YES_AGGRESSIVE;
				GCC_WARN_UNUSED_FUNCTION = YES;
				GCC_WARN_UNUSED_VARIABLE = YES;
				IPHONEOS_DEPLOYMENT_TARGET = 17.5;
				LOCALIZATION_PREFERS_STRING_CATALOGS = YES;
				MTL_ENABLE_DEBUG_INFO = INCLUDE_SOURCE;
				MTL_FAST_MATH = YES;
				ONLY_ACTIVE_ARCH = YES;
				SDKROOT = iphoneos;
				SWIFT_ACTIVE_COMPILATION_CONDITIONS = "DEBUG $(inherited)";
				SWIFT_OPTIMIZATION_LEVEL = "-Onone";
			};
			name = Debug;
		};
		2BB0362D2CF8DD9B0030B376 /* Release */ = {
			isa = XCBuildConfiguration;
			buildSettings = {
				ALWAYS_SEARCH_USER_PATHS = NO;
				ASSETCATALOG_COMPILER_GENERATE_SWIFT_ASSET_SYMBOL_EXTENSIONS = YES;
				CLANG_ANALYZER_NONNULL = YES;
				CLANG_ANALYZER_NUMBER_OBJECT_CONVERSION = YES_AGGRESSIVE;
				CLANG_CXX_LANGUAGE_STANDARD = "gnu++20";
				CLANG_ENABLE_MODULES = YES;
				CLANG_ENABLE_OBJC_ARC = YES;
				CLANG_ENABLE_OBJC_WEAK = YES;
				CLANG_WARN_BLOCK_CAPTURE_AUTORELEASING = YES;
				CLANG_WARN_BOOL_CONVERSION = YES;
				CLANG_WARN_COMMA = YES;
				CLANG_WARN_CONSTANT_CONVERSION = YES;
				CLANG_WARN_DEPRECATED_OBJC_IMPLEMENTATIONS = YES;
				CLANG_WARN_DIRECT_OBJC_ISA_USAGE = YES_ERROR;
				CLANG_WARN_DOCUMENTATION_COMMENTS = YES;
				CLANG_WARN_EMPTY_BODY = YES;
				CLANG_WARN_ENUM_CONVERSION = YES;
				CLANG_WARN_INFINITE_RECURSION = YES;
				CLANG_WARN_INT_CONVERSION = YES;
				CLANG_WARN_NON_LITERAL_NULL_CONVERSION = YES;
				CLANG_WARN_OBJC_IMPLICIT_RETAIN_SELF = YES;
				CLANG_WARN_OBJC_LITERAL_CONVERSION = YES;
				CLANG_WARN_OBJC_ROOT_CLASS = YES_ERROR;
				CLANG_WARN_QUOTED_INCLUDE_IN_FRAMEWORK_HEADER = YES;
				CLANG_WARN_RANGE_LOOP_ANALYSIS = YES;
				CLANG_WARN_STRICT_PROTOTYPES = YES;
				CLANG_WARN_SUSPICIOUS_MOVE = YES;
				CLANG_WARN_UNGUARDED_AVAILABILITY = YES_AGGRESSIVE;
				CLANG_WARN_UNREACHABLE_CODE = YES;
				CLANG_WARN__DUPLICATE_METHOD_MATCH = YES;
				COPY_PHASE_STRIP = NO;
				DEBUG_INFORMATION_FORMAT = "dwarf-with-dsym";
				ENABLE_NS_ASSERTIONS = NO;
				ENABLE_STRICT_OBJC_MSGSEND = YES;
				ENABLE_USER_SCRIPT_SANDBOXING = YES;
				GCC_C_LANGUAGE_STANDARD = gnu17;
				GCC_NO_COMMON_BLOCKS = YES;
				GCC_WARN_64_TO_32_BIT_CONVERSION = YES;
				GCC_WARN_ABOUT_RETURN_TYPE = YES_ERROR;
				GCC_WARN_UNDECLARED_SELECTOR = YES;
				GCC_WARN_UNINITIALIZED_AUTOS = YES_AGGRESSIVE;
				GCC_WARN_UNUSED_FUNCTION = YES;
				GCC_WARN_UNUSED_VARIABLE = YES;
				IPHONEOS_DEPLOYMENT_TARGET = 17.5;
				LOCALIZATION_PREFERS_STRING_CATALOGS = YES;
				MTL_ENABLE_DEBUG_INFO = NO;
				MTL_FAST_MATH = YES;
				SDKROOT = iphoneos;
				SWIFT_COMPILATION_MODE = wholemodule;
				VALIDATE_PRODUCT = YES;
			};
			name = Release;
		};
		2BB0362F2CF8DD9B0030B376 /* Debug */ = {
			isa = XCBuildConfiguration;
			buildSettings = {
				ASSETCATALOG_COMPILER_APPICON_NAME = AppIcon;
				ASSETCATALOG_COMPILER_GLOBAL_ACCENT_COLOR_NAME = AccentColor;
				CODE_SIGN_STYLE = Automatic;
				CURRENT_PROJECT_VERSION = 1;
				GENERATE_INFOPLIST_FILE = YES;
				INFOPLIST_FILE = Gallery_App/Info.plist;
				INFOPLIST_KEY_UIApplicationSupportsIndirectInputEvents = YES;
				INFOPLIST_KEY_UILaunchStoryboardName = LaunchScreen;
				INFOPLIST_KEY_UISupportedInterfaceOrientations_iPad = "UIInterfaceOrientationPortrait UIInterfaceOrientationPortraitUpsideDown UIInterfaceOrientationLandscapeLeft UIInterfaceOrientationLandscapeRight";
				INFOPLIST_KEY_UISupportedInterfaceOrientations_iPhone = "UIInterfaceOrientationPortrait UIInterfaceOrientationLandscapeLeft UIInterfaceOrientationLandscapeRight";
				LD_RUNPATH_SEARCH_PATHS = (
					"$(inherited)",
					"@executable_path/Frameworks",
				);
				MARKETING_VERSION = 1.0;
				PRODUCT_BUNDLE_IDENTIFIER = "-2.Gallery-App";
				PRODUCT_NAME = "$(TARGET_NAME)";
				SWIFT_EMIT_LOC_STRINGS = YES;
				SWIFT_VERSION = 5.0;
				TARGETED_DEVICE_FAMILY = "1,2";
			};
			name = Debug;
		};
		2BB036302CF8DD9B0030B376 /* Release */ = {
			isa = XCBuildConfiguration;
			buildSettings = {
				ASSETCATALOG_COMPILER_APPICON_NAME = AppIcon;
				ASSETCATALOG_COMPILER_GLOBAL_ACCENT_COLOR_NAME = AccentColor;
				CODE_SIGN_STYLE = Automatic;
				CURRENT_PROJECT_VERSION = 1;
				GENERATE_INFOPLIST_FILE = YES;
				INFOPLIST_FILE = Gallery_App/Info.plist;
				INFOPLIST_KEY_UIApplicationSupportsIndirectInputEvents = YES;
				INFOPLIST_KEY_UILaunchStoryboardName = LaunchScreen;
				INFOPLIST_KEY_UISupportedInterfaceOrientations_iPad = "UIInterfaceOrientationPortrait UIInterfaceOrientationPortraitUpsideDown UIInterfaceOrientationLandscapeLeft UIInterfaceOrientationLandscapeRight";
				INFOPLIST_KEY_UISupportedInterfaceOrientations_iPhone = "UIInterfaceOrientationPortrait UIInterfaceOrientationLandscapeLeft UIInterfaceOrientationLandscapeRight";
				LD_RUNPATH_SEARCH_PATHS = (
					"$(inherited)",
					"@executable_path/Frameworks",
				);
				MARKETING_VERSION = 1.0;
				PRODUCT_BUNDLE_IDENTIFIER = "-2.Gallery-App";
				PRODUCT_NAME = "$(TARGET_NAME)";
				SWIFT_EMIT_LOC_STRINGS = YES;
				SWIFT_VERSION = 5.0;
				TARGETED_DEVICE_FAMILY = "1,2";
			};
			name = Release;
		};
/* End XCBuildConfiguration section */

/* Begin XCConfigurationList section */
		2BB036152CF8DD9A0030B376 /* Build configuration list for PBXProject "Gallery_App" */ = {
			isa = XCConfigurationList;
			buildConfigurations = (
				2BB0362C2CF8DD9B0030B376 /* Debug */,
				2BB0362D2CF8DD9B0030B376 /* Release */,
			);
			defaultConfigurationIsVisible = 0;
			defaultConfigurationName = Release;
		};
		2BB0362E2CF8DD9B0030B376 /* Build configuration list for PBXNativeTarget "Gallery_App" */ = {
			isa = XCConfigurationList;
			buildConfigurations = (
				2BB0362F2CF8DD9B0030B376 /* Debug */,
				2BB036302CF8DD9B0030B376 /* Release */,
			);
			defaultConfigurationIsVisible = 0;
			defaultConfigurationName = Release;
		};
/* End XCConfigurationList section */
	};
	rootObject = 2BB036122CF8DD9A0030B376 /* Project object */;
}
