// !$*UTF8*$!
{
	archiveVersion = 1;
	classes = {
	};
	objectVersion = 56;
	objects = {

/* Begin PBXBuildFile section */
		2B13601E2D3D6AC600E8536A /* ImageViewCellViewModel.swift in Sources */ = {isa = PBXBuildFile; fileRef = 2B13601D2D3D6AC600E8536A /* ImageViewCellViewModel.swift */; };
		2B365D1B2D49445B00912715 /* Image.swift in Sources */ = {isa = PBXBuildFile; fileRef = 2B365D1A2D49445B00912715 /* Image.swift */; };
		2B365D1D2D49727300912715 /* ImageMapper.swift in Sources */ = {isa = PBXBuildFile; fileRef = 2B365D1C2D49727300912715 /* ImageMapper.swift */; };
		2B4950C92D4014BB001FE206 /* CoreDataManager.swift in Sources */ = {isa = PBXBuildFile; fileRef = 2B4950C82D4014BB001FE206 /* CoreDataManager.swift */; };
		2B4950CC2D4016F2001FE206 /* Gallery_App.xcdatamodeld in Sources */ = {isa = PBXBuildFile; fileRef = 2B4950CA2D4016F2001FE206 /* Gallery_App.xcdatamodeld */; };
		2BB0361E2CF8DD9A0030B376 /* AppDelegate.swift in Sources */ = {isa = PBXBuildFile; fileRef = 2BB0361D2CF8DD9A0030B376 /* AppDelegate.swift */; };
		2BB036202CF8DD9A0030B376 /* SceneDelegate.swift in Sources */ = {isa = PBXBuildFile; fileRef = 2BB0361F2CF8DD9A0030B376 /* SceneDelegate.swift */; };
		2BB036222CF8DD9A0030B376 /* ImageCollectionViewController.swift in Sources */ = {isa = PBXBuildFile; fileRef = 2BB036212CF8DD9A0030B376 /* ImageCollectionViewController.swift */; };
		2BB036272CF8DD9B0030B376 /* Assets.xcassets in Resources */ = {isa = PBXBuildFile; fileRef = 2BB036262CF8DD9B0030B376 /* Assets.xcassets */; };
		2BB0362A2CF8DD9B0030B376 /* Base in Resources */ = {isa = PBXBuildFile; fileRef = 2BB036292CF8DD9B0030B376 /* Base */; };
		2BB036322CF8DEC00030B376 /* ImageViewCell.swift in Sources */ = {isa = PBXBuildFile; fileRef = 2BB036312CF8DEC00030B376 /* ImageViewCell.swift */; };
		2BB036342CF8DFC40030B376 /* ImageCollectionViewModel.swift in Sources */ = {isa = PBXBuildFile; fileRef = 2BB036332CF8DFC40030B376 /* ImageCollectionViewModel.swift */; };
		2BB036362CF8E43C0030B376 /* NetworkManager.swift in Sources */ = {isa = PBXBuildFile; fileRef = 2BB036352CF8E43C0030B376 /* NetworkManager.swift */; };
		2BB036412CF907C00030B376 /* ImageDetailsViewController.swift in Sources */ = {isa = PBXBuildFile; fileRef = 2BB036402CF907C00030B376 /* ImageDetailsViewController.swift */; };
		2BB036432CF9089B0030B376 /* ImageDetailsViewModel.swift in Sources */ = {isa = PBXBuildFile; fileRef = 2BB036422CF9089B0030B376 /* ImageDetailsViewModel.swift */; };
		2BBB33062D34829500F73484 /* NetworkManagerTests.swift in Sources */ = {isa = PBXBuildFile; fileRef = 2BBB33052D34829500F73484 /* NetworkManagerTests.swift */; };
		2BBB33082D348B0A00F73484 /* DataManagerTests.swift in Sources */ = {isa = PBXBuildFile; fileRef = 2BBB33072D348B0A00F73484 /* DataManagerTests.swift */; };
		2BBB330A2D35454200F73484 /* ImageDetailsViewModelTests.swift in Sources */ = {isa = PBXBuildFile; fileRef = 2BBB33092D35454200F73484 /* ImageDetailsViewModelTests.swift */; };
/* End PBXBuildFile section */

/* Begin PBXContainerItemProxy section */
		2BBB32FF2D3433FA00F73484 /* PBXContainerItemProxy */ = {
			isa = PBXContainerItemProxy;
			containerPortal = 2BB036122CF8DD9A0030B376 /* Project object */;
			proxyType = 1;
			remoteGlobalIDString = 2BB036192CF8DD9A0030B376;
			remoteInfo = Gallery_App;
		};
/* End PBXContainerItemProxy section */

/* Begin PBXFileReference section */
		2B13601D2D3D6AC600E8536A /* ImageViewCellViewModel.swift */ = {isa = PBXFileReference; lastKnownFileType = sourcecode.swift; path = ImageViewCellViewModel.swift; sourceTree = "<group>"; };
		2B365D1A2D49445B00912715 /* Image.swift */ = {isa = PBXFileReference; lastKnownFileType = sourcecode.swift; path = Image.swift; sourceTree = "<group>"; };
		2B365D1C2D49727300912715 /* ImageMapper.swift */ = {isa = PBXFileReference; lastKnownFileType = sourcecode.swift; path = ImageMapper.swift; sourceTree = "<group>"; };
		2B4950C82D4014BB001FE206 /* CoreDataManager.swift */ = {isa = PBXFileReference; lastKnownFileType = sourcecode.swift; path = CoreDataManager.swift; sourceTree = "<group>"; };
		2B4950CB2D4016F2001FE206 /* Gallery_App.xcdatamodel */ = {isa = PBXFileReference; lastKnownFileType = wrapper.xcdatamodel; path = Gallery_App.xcdatamodel; sourceTree = "<group>"; };
		2BB0361A2CF8DD9A0030B376 /* Gallery_App.app */ = {isa = PBXFileReference; explicitFileType = wrapper.application; includeInIndex = 0; path = Gallery_App.app; sourceTree = BUILT_PRODUCTS_DIR; };
		2BB0361D2CF8DD9A0030B376 /* AppDelegate.swift */ = {isa = PBXFileReference; lastKnownFileType = sourcecode.swift; path = AppDelegate.swift; sourceTree = "<group>"; };
		2BB0361F2CF8DD9A0030B376 /* SceneDelegate.swift */ = {isa = PBXFileReference; lastKnownFileType = sourcecode.swift; path = SceneDelegate.swift; sourceTree = "<group>"; };
		2BB036212CF8DD9A0030B376 /* ImageCollectionViewController.swift */ = {isa = PBXFileReference; lastKnownFileType = sourcecode.swift; path = ImageCollectionViewController.swift; sourceTree = "<group>"; };
		2BB036262CF8DD9B0030B376 /* Assets.xcassets */ = {isa = PBXFileReference; lastKnownFileType = folder.assetcatalog; path = Assets.xcassets; sourceTree = "<group>"; };
		2BB036292CF8DD9B0030B376 /* Base */ = {isa = PBXFileReference; lastKnownFileType = file.storyboard; name = Base; path = Base.lproj/LaunchScreen.storyboard; sourceTree = "<group>"; };
		2BB0362B2CF8DD9B0030B376 /* Info.plist */ = {isa = PBXFileReference; lastKnownFileType = text.plist.xml; path = Info.plist; sourceTree = "<group>"; };
		2BB036312CF8DEC00030B376 /* ImageViewCell.swift */ = {isa = PBXFileReference; lastKnownFileType = sourcecode.swift; path = ImageViewCell.swift; sourceTree = "<group>"; };
		2BB036332CF8DFC40030B376 /* ImageCollectionViewModel.swift */ = {isa = PBXFileReference; lastKnownFileType = sourcecode.swift; path = ImageCollectionViewModel.swift; sourceTree = "<group>"; };
		2BB036352CF8E43C0030B376 /* NetworkManager.swift */ = {isa = PBXFileReference; lastKnownFileType = sourcecode.swift; path = NetworkManager.swift; sourceTree = "<group>"; };
		2BB036402CF907C00030B376 /* ImageDetailsViewController.swift */ = {isa = PBXFileReference; lastKnownFileType = sourcecode.swift; path = ImageDetailsViewController.swift; sourceTree = "<group>"; };
		2BB036422CF9089B0030B376 /* ImageDetailsViewModel.swift */ = {isa = PBXFileReference; lastKnownFileType = sourcecode.swift; path = ImageDetailsViewModel.swift; sourceTree = "<group>"; };
		2BBB32FB2D3433FA00F73484 /* Gallery_AppTests.xctest */ = {isa = PBXFileReference; explicitFileType = wrapper.cfbundle; includeInIndex = 0; path = Gallery_AppTests.xctest; sourceTree = BUILT_PRODUCTS_DIR; };
		2BBB33052D34829500F73484 /* NetworkManagerTests.swift */ = {isa = PBXFileReference; lastKnownFileType = sourcecode.swift; path = NetworkManagerTests.swift; sourceTree = "<group>"; };
		2BBB33072D348B0A00F73484 /* DataManagerTests.swift */ = {isa = PBXFileReference; lastKnownFileType = sourcecode.swift; path = DataManagerTests.swift; sourceTree = "<group>"; };
		2BBB33092D35454200F73484 /* ImageDetailsViewModelTests.swift */ = {isa = PBXFileReference; lastKnownFileType = sourcecode.swift; path = ImageDetailsViewModelTests.swift; sourceTree = "<group>"; };
/* End PBXFileReference section */

/* Begin PBXFrameworksBuildPhase section */
		2BB036172CF8DD9A0030B376 /* Frameworks */ = {
			isa = PBXFrameworksBuildPhase;
			buildActionMask = 2147483647;
			files = (
			);
			runOnlyForDeploymentPostprocessing = 0;
		};
		2BBB32F82D3433FA00F73484 /* Frameworks */ = {
			isa = PBXFrameworksBuildPhase;
			buildActionMask = 2147483647;
			files = (
			);
			runOnlyForDeploymentPostprocessing = 0;
		};
/* End PBXFrameworksBuildPhase section */

/* Begin PBXGroup section */
		2B13601C2D3D685200E8536A /* Cell */ = {
			isa = PBXGroup;
			children = (
				2BB036312CF8DEC00030B376 /* ImageViewCell.swift */,
				2B13601D2D3D6AC600E8536A /* ImageViewCellViewModel.swift */,
			);
			path = Cell;
			sourceTree = "<group>";
		};
		2B8CE9402D08F24500373EDD /* CollectionScreen */ = {
			isa = PBXGroup;
			children = (
				2B13601C2D3D685200E8536A /* Cell */,
				2BB036212CF8DD9A0030B376 /* ImageCollectionViewController.swift */,
				2BB036332CF8DFC40030B376 /* ImageCollectionViewModel.swift */,
			);
			path = CollectionScreen;
			sourceTree = "<group>";
		};
		2B8CE9412D08F27100373EDD /* DetailsScreen */ = {
			isa = PBXGroup;
			children = (
				2BB036402CF907C00030B376 /* ImageDetailsViewController.swift */,
				2BB036422CF9089B0030B376 /* ImageDetailsViewModel.swift */,
			);
			path = DetailsScreen;
			sourceTree = "<group>";
		};
		2B8CE9422D08F31900373EDD /* Modules */ = {
			isa = PBXGroup;
			children = (
				2B8CE9402D08F24500373EDD /* CollectionScreen */,
				2B8CE9412D08F27100373EDD /* DetailsScreen */,
			);
			path = Modules;
			sourceTree = "<group>";
		};
		2BB036112CF8DD9A0030B376 = {
			isa = PBXGroup;
			children = (
				2BB0361C2CF8DD9A0030B376 /* Gallery_App */,
				2BBB32FC2D3433FA00F73484 /* Gallery_AppTests */,
				2BB0361B2CF8DD9A0030B376 /* Products */,
			);
			sourceTree = "<group>";
		};
		2BB0361B2CF8DD9A0030B376 /* Products */ = {
			isa = PBXGroup;
			children = (
				2BB0361A2CF8DD9A0030B376 /* Gallery_App.app */,
				2BBB32FB2D3433FA00F73484 /* Gallery_AppTests.xctest */,
			);
			name = Products;
			sourceTree = "<group>";
		};
		2BB0361C2CF8DD9A0030B376 /* Gallery_App */ = {
			isa = PBXGroup;
			children = (
				2BB036392CF8F2630030B376 /* Application */,
				2B8CE9422D08F31900373EDD /* Modules */,
				2BB0363E2CF8F29C0030B376 /* Helpers */,
				2BB0363C2CF8F2880030B376 /* Models */,
				2BB0363B2CF8F27D0030B376 /* Resources */,
				2BB0362B2CF8DD9B0030B376 /* Info.plist */,
				2B4950CA2D4016F2001FE206 /* Gallery_App.xcdatamodeld */,
			);
			path = Gallery_App;
			sourceTree = "<group>";
		};
		2BB036392CF8F2630030B376 /* Application */ = {
			isa = PBXGroup;
			children = (
				2BB0361D2CF8DD9A0030B376 /* AppDelegate.swift */,
				2BB0361F2CF8DD9A0030B376 /* SceneDelegate.swift */,
			);
			path = Application;
			sourceTree = "<group>";
		};
		2BB0363B2CF8F27D0030B376 /* Resources */ = {
			isa = PBXGroup;
			children = (
				2BB036262CF8DD9B0030B376 /* Assets.xcassets */,
				2BB036282CF8DD9B0030B376 /* LaunchScreen.storyboard */,
			);
			path = Resources;
			sourceTree = "<group>";
		};
		2BB0363C2CF8F2880030B376 /* Models */ = {
			isa = PBXGroup;
			children = (
				2B365D1A2D49445B00912715 /* Image.swift */,
			);
			path = Models;
			sourceTree = "<group>";
		};
		2BB0363E2CF8F29C0030B376 /* Helpers */ = {
			isa = PBXGroup;
			children = (
				2BB036352CF8E43C0030B376 /* NetworkManager.swift */,
				2B4950C82D4014BB001FE206 /* CoreDataManager.swift */,
				2B365D1C2D49727300912715 /* ImageMapper.swift */,
			);
			path = Helpers;
			sourceTree = "<group>";
		};
		2BBB32FC2D3433FA00F73484 /* Gallery_AppTests */ = {
			isa = PBXGroup;
			children = (
				2BBB33042D34827B00F73484 /* Managers */,
				2BBB33092D35454200F73484 /* ImageDetailsViewModelTests.swift */,
			);
			path = Gallery_AppTests;
			sourceTree = "<group>";
		};
		2BBB33042D34827B00F73484 /* Managers */ = {
			isa = PBXGroup;
			children = (
				2BBB33052D34829500F73484 /* NetworkManagerTests.swift */,
				2BBB33072D348B0A00F73484 /* DataManagerTests.swift */,
			);
			path = Managers;
			sourceTree = "<group>";
		};
/* End PBXGroup section */

/* Begin PBXNativeTarget section */
		2BB036192CF8DD9A0030B376 /* Gallery_App */ = {
			isa = PBXNativeTarget;
			buildConfigurationList = 2BB0362E2CF8DD9B0030B376 /* Build configuration list for PBXNativeTarget "Gallery_App" */;
			buildPhases = (
				2BB036162CF8DD9A0030B376 /* Sources */,
				2BB036172CF8DD9A0030B376 /* Frameworks */,
				2BB036182CF8DD9A0030B376 /* Resources */,
			);
			buildRules = (
			);
			dependencies = (
			);
			name = Gallery_App;
			productName = Gallery_App;
			productReference = 2BB0361A2CF8DD9A0030B376 /* Gallery_App.app */;
			productType = "com.apple.product-type.application";
		};
		2BBB32FA2D3433FA00F73484 /* Gallery_AppTests */ = {
			isa = PBXNativeTarget;
			buildConfigurationList = 2BBB33032D3433FA00F73484 /* Build configuration list for PBXNativeTarget "Gallery_AppTests" */;
			buildPhases = (
				2BBB32F72D3433FA00F73484 /* Sources */,
				2BBB32F82D3433FA00F73484 /* Frameworks */,
				2BBB32F92D3433FA00F73484 /* Resources */,
			);
			buildRules = (
			);
			dependencies = (
				2BBB33002D3433FA00F73484 /* PBXTargetDependency */,
			);
			name = Gallery_AppTests;
			productName = Gallery_AppTests;
			productReference = 2BBB32FB2D3433FA00F73484 /* Gallery_AppTests.xctest */;
			productType = "com.apple.product-type.bundle.unit-test";
		};
/* End PBXNativeTarget section */

/* Begin PBXProject section */
		2BB036122CF8DD9A0030B376 /* Project object */ = {
			isa = PBXProject;
			attributes = {
				BuildIndependentTargetsInParallel = 1;
				LastSwiftUpdateCheck = 1540;
				LastUpgradeCheck = 1540;
				TargetAttributes = {
					2BB036192CF8DD9A0030B376 = {
						CreatedOnToolsVersion = 15.4;
					};
					2BBB32FA2D3433FA00F73484 = {
						CreatedOnToolsVersion = 15.4;
						LastSwiftMigration = 1540;
						TestTargetID = 2BB036192CF8DD9A0030B376;
					};
				};
			};
			buildConfigurationList = 2BB036152CF8DD9A0030B376 /* Build configuration list for PBXProject "Gallery_App" */;
			compatibilityVersion = "Xcode 14.0";
			developmentRegion = en;
			hasScannedForEncodings = 0;
			knownRegions = (
				en,
				Base,
			);
			mainGroup = 2BB036112CF8DD9A0030B376;
			productRefGroup = 2BB0361B2CF8DD9A0030B376 /* Products */;
			projectDirPath = "";
			projectRoot = "";
			targets = (
				2BB036192CF8DD9A0030B376 /* Gallery_App */,
				2BBB32FA2D3433FA00F73484 /* Gallery_AppTests */,
			);
		};
/* End PBXProject section */

/* Begin PBXResourcesBuildPhase section */
		2BB036182CF8DD9A0030B376 /* Resources */ = {
			isa = PBXResourcesBuildPhase;
			buildActionMask = 2147483647;
			files = (
				2BB036272CF8DD9B0030B376 /* Assets.xcassets in Resources */,
				2BB0362A2CF8DD9B0030B376 /* Base in Resources */,
			);
			runOnlyForDeploymentPostprocessing = 0;
		};
		2BBB32F92D3433FA00F73484 /* Resources */ = {
			isa = PBXResourcesBuildPhase;
			buildActionMask = 2147483647;
			files = (
			);
			runOnlyForDeploymentPostprocessing = 0;
		};
/* End PBXResourcesBuildPhase section */

/* Begin PBXSourcesBuildPhase section */
		2BB036162CF8DD9A0030B376 /* Sources */ = {
			isa = PBXSourcesBuildPhase;
			buildActionMask = 2147483647;
			files = (
				2B365D1D2D49727300912715 /* ImageMapper.swift in Sources */,
				2BB036322CF8DEC00030B376 /* ImageViewCell.swift in Sources */,
				2B13601E2D3D6AC600E8536A /* ImageViewCellViewModel.swift in Sources */,
				2BB036432CF9089B0030B376 /* ImageDetailsViewModel.swift in Sources */,
				2BB036222CF8DD9A0030B376 /* ImageCollectionViewController.swift in Sources */,
				2B4950CC2D4016F2001FE206 /* Gallery_App.xcdatamodeld in Sources */,
				2BB036342CF8DFC40030B376 /* ImageCollectionViewModel.swift in Sources */,
				2B365D1B2D49445B00912715 /* Image.swift in Sources */,
				2B4950C92D4014BB001FE206 /* CoreDataManager.swift in Sources */,
				2BB0361E2CF8DD9A0030B376 /* AppDelegate.swift in Sources */,
				2BB036362CF8E43C0030B376 /* NetworkManager.swift in Sources */,
				2BB036412CF907C00030B376 /* ImageDetailsViewController.swift in Sources */,
				2BB036202CF8DD9A0030B376 /* SceneDelegate.swift in Sources */,
			);
			runOnlyForDeploymentPostprocessing = 0;
		};
		2BBB32F72D3433FA00F73484 /* Sources */ = {
			isa = PBXSourcesBuildPhase;
			buildActionMask = 2147483647;
			files = (
				2BBB33062D34829500F73484 /* NetworkManagerTests.swift in Sources */,
				2BBB33082D348B0A00F73484 /* DataManagerTests.swift in Sources */,
				2BBB330A2D35454200F73484 /* ImageDetailsViewModelTests.swift in Sources */,
			);
			runOnlyForDeploymentPostprocessing = 0;
		};
/* End PBXSourcesBuildPhase section */

/* Begin PBXTargetDependency section */
		2BBB33002D3433FA00F73484 /* PBXTargetDependency */ = {
			isa = PBXTargetDependency;
			target = 2BB036192CF8DD9A0030B376 /* Gallery_App */;
			targetProxy = 2BBB32FF2D3433FA00F73484 /* PBXContainerItemProxy */;
		};
/* End PBXTargetDependency section */

/* Begin PBXVariantGroup section */
		2BB036282CF8DD9B0030B376 /* LaunchScreen.storyboard */ = {
			isa = PBXVariantGroup;
			children = (
				2BB036292CF8DD9B0030B376 /* Base */,
			);
			name = LaunchScreen.storyboard;
			sourceTree = "<group>";
		};
/* End PBXVariantGroup section */

/* Begin XCBuildConfiguration section */
		2BB0362C2CF8DD9B0030B376 /* Debug */ = {
			isa = XCBuildConfiguration;
			buildSettings = {
				ALWAYS_SEARCH_USER_PATHS = NO;
				ASSETCATALOG_COMPILER_GENERATE_SWIFT_ASSET_SYMBOL_EXTENSIONS = YES;
				CLANG_ANALYZER_NONNULL = YES;
				CLANG_ANALYZER_NUMBER_OBJECT_CONVERSION = YES_AGGRESSIVE;
				CLANG_CXX_LANGUAGE_STANDARD = "gnu++20";
				CLANG_ENABLE_MODULES = YES;
				CLANG_ENABLE_OBJC_ARC = YES;
				CLANG_ENABLE_OBJC_WEAK = YES;
				CLANG_WARN_BLOCK_CAPTURE_AUTORELEASING = YES;
				CLANG_WARN_BOOL_CONVERSION = YES;
				CLANG_WARN_COMMA = YES;
				CLANG_WARN_CONSTANT_CONVERSION = YES;
				CLANG_WARN_DEPRECATED_OBJC_IMPLEMENTATIONS = YES;
				CLANG_WARN_DIRECT_OBJC_ISA_USAGE = YES_ERROR;
				CLANG_WARN_DOCUMENTATION_COMMENTS = YES;
				CLANG_WARN_EMPTY_BODY = YES;
				CLANG_WARN_ENUM_CONVERSION = YES;
				CLANG_WARN_INFINITE_RECURSION = YES;
				CLANG_WARN_INT_CONVERSION = YES;
				CLANG_WARN_NON_LITERAL_NULL_CONVERSION = YES;
				CLANG_WARN_OBJC_IMPLICIT_RETAIN_SELF = YES;
				CLANG_WARN_OBJC_LITERAL_CONVERSION = YES;
				CLANG_WARN_OBJC_ROOT_CLASS = YES_ERROR;
				CLANG_WARN_QUOTED_INCLUDE_IN_FRAMEWORK_HEADER = YES;
				CLANG_WARN_RANGE_LOOP_ANALYSIS = YES;
				CLANG_WARN_STRICT_PROTOTYPES = YES;
				CLANG_WARN_SUSPICIOUS_MOVE = YES;
				CLANG_WARN_UNGUARDED_AVAILABILITY = YES_AGGRESSIVE;
				CLANG_WARN_UNREACHABLE_CODE = YES;
				CLANG_WARN__DUPLICATE_METHOD_MATCH = YES;
				COPY_PHASE_STRIP = NO;
				DEBUG_INFORMATION_FORMAT = dwarf;
				ENABLE_STRICT_OBJC_MSGSEND = YES;
				ENABLE_TESTABILITY = YES;
				ENABLE_USER_SCRIPT_SANDBOXING = YES;
				GCC_C_LANGUAGE_STANDARD = gnu17;
				GCC_DYNAMIC_NO_PIC = NO;
				GCC_NO_COMMON_BLOCKS = YES;
				GCC_OPTIMIZATION_LEVEL = 0;
				GCC_PREPROCESSOR_DEFINITIONS = (
					"DEBUG=1",
					"$(inherited)",
				);
				GCC_WARN_64_TO_32_BIT_CONVERSION = YES;
				GCC_WARN_ABOUT_RETURN_TYPE = YES_ERROR;
				GCC_WARN_UNDECLARED_SELECTOR = YES;
				GCC_WARN_UNINITIALIZED_AUTOS = YES_AGGRESSIVE;
				GCC_WARN_UNUSED_FUNCTION = YES;
				GCC_WARN_UNUSED_VARIABLE = YES;
				IPHONEOS_DEPLOYMENT_TARGET = 17.5;
				LOCALIZATION_PREFERS_STRING_CATALOGS = YES;
				MTL_ENABLE_DEBUG_INFO = INCLUDE_SOURCE;
				MTL_FAST_MATH = YES;
				ONLY_ACTIVE_ARCH = YES;
				SDKROOT = iphoneos;
				SWIFT_ACTIVE_COMPILATION_CONDITIONS = "DEBUG $(inherited)";
				SWIFT_OPTIMIZATION_LEVEL = "-Onone";
			};
			name = Debug;
		};
		2BB0362D2CF8DD9B0030B376 /* Release */ = {
			isa = XCBuildConfiguration;
			buildSettings = {
				ALWAYS_SEARCH_USER_PATHS = NO;
				ASSETCATALOG_COMPILER_GENERATE_SWIFT_ASSET_SYMBOL_EXTENSIONS = YES;
				CLANG_ANALYZER_NONNULL = YES;
				CLANG_ANALYZER_NUMBER_OBJECT_CONVERSION = YES_AGGRESSIVE;
				CLANG_CXX_LANGUAGE_STANDARD = "gnu++20";
				CLANG_ENABLE_MODULES = YES;
				CLANG_ENABLE_OBJC_ARC = YES;
				CLANG_ENABLE_OBJC_WEAK = YES;
				CLANG_WARN_BLOCK_CAPTURE_AUTORELEASING = YES;
				CLANG_WARN_BOOL_CONVERSION = YES;
				CLANG_WARN_COMMA = YES;
				CLANG_WARN_CONSTANT_CONVERSION = YES;
				CLANG_WARN_DEPRECATED_OBJC_IMPLEMENTATIONS = YES;
				CLANG_WARN_DIRECT_OBJC_ISA_USAGE = YES_ERROR;
				CLANG_WARN_DOCUMENTATION_COMMENTS = YES;
				CLANG_WARN_EMPTY_BODY = YES;
				CLANG_WARN_ENUM_CONVERSION = YES;
				CLANG_WARN_INFINITE_RECURSION = YES;
				CLANG_WARN_INT_CONVERSION = YES;
				CLANG_WARN_NON_LITERAL_NULL_CONVERSION = YES;
				CLANG_WARN_OBJC_IMPLICIT_RETAIN_SELF = YES;
				CLANG_WARN_OBJC_LITERAL_CONVERSION = YES;
				CLANG_WARN_OBJC_ROOT_CLASS = YES_ERROR;
				CLANG_WARN_QUOTED_INCLUDE_IN_FRAMEWORK_HEADER = YES;
				CLANG_WARN_RANGE_LOOP_ANALYSIS = YES;
				CLANG_WARN_STRICT_PROTOTYPES = YES;
				CLANG_WARN_SUSPICIOUS_MOVE = YES;
				CLANG_WARN_UNGUARDED_AVAILABILITY = YES_AGGRESSIVE;
				CLANG_WARN_UNREACHABLE_CODE = YES;
				CLANG_WARN__DUPLICATE_METHOD_MATCH = YES;
				COPY_PHASE_STRIP = NO;
				DEBUG_INFORMATION_FORMAT = "dwarf-with-dsym";
				ENABLE_NS_ASSERTIONS = NO;
				ENABLE_STRICT_OBJC_MSGSEND = YES;
				ENABLE_USER_SCRIPT_SANDBOXING = YES;
				GCC_C_LANGUAGE_STANDARD = gnu17;
				GCC_NO_COMMON_BLOCKS = YES;
				GCC_WARN_64_TO_32_BIT_CONVERSION = YES;
				GCC_WARN_ABOUT_RETURN_TYPE = YES_ERROR;
				GCC_WARN_UNDECLARED_SELECTOR = YES;
				GCC_WARN_UNINITIALIZED_AUTOS = YES_AGGRESSIVE;
				GCC_WARN_UNUSED_FUNCTION = YES;
				GCC_WARN_UNUSED_VARIABLE = YES;
				IPHONEOS_DEPLOYMENT_TARGET = 17.5;
				LOCALIZATION_PREFERS_STRING_CATALOGS = YES;
				MTL_ENABLE_DEBUG_INFO = NO;
				MTL_FAST_MATH = YES;
				SDKROOT = iphoneos;
				SWIFT_COMPILATION_MODE = wholemodule;
				VALIDATE_PRODUCT = YES;
			};
			name = Release;
		};
		2BB0362F2CF8DD9B0030B376 /* Debug */ = {
			isa = XCBuildConfiguration;
			buildSettings = {
				ASSETCATALOG_COMPILER_APPICON_NAME = AppIcon;
				ASSETCATALOG_COMPILER_GLOBAL_ACCENT_COLOR_NAME = AccentColor;
				CODE_SIGN_STYLE = Automatic;
				CURRENT_PROJECT_VERSION = 1;
				GENERATE_INFOPLIST_FILE = YES;
				INFOPLIST_FILE = Gallery_App/Info.plist;
				INFOPLIST_KEY_UIApplicationSupportsIndirectInputEvents = YES;
				INFOPLIST_KEY_UILaunchStoryboardName = LaunchScreen;
				INFOPLIST_KEY_UISupportedInterfaceOrientations = UIInterfaceOrientationPortrait;
				IPHONEOS_DEPLOYMENT_TARGET = 15.0;
				LD_RUNPATH_SEARCH_PATHS = (
					"$(inherited)",
					"@executable_path/Frameworks",
				);
				MARKETING_VERSION = 1.0;
				PRODUCT_BUNDLE_IDENTIFIER = "-2.Gallery-App";
				PRODUCT_NAME = "$(TARGET_NAME)";
				SUPPORTED_PLATFORMS = "iphoneos iphonesimulator";
				SUPPORTS_MACCATALYST = NO;
				SUPPORTS_MAC_DESIGNED_FOR_IPHONE_IPAD = NO;
				SUPPORTS_XR_DESIGNED_FOR_IPHONE_IPAD = NO;
				SWIFT_EMIT_LOC_STRINGS = YES;
				SWIFT_VERSION = 5.0;
				TARGETED_DEVICE_FAMILY = 1;
			};
			name = Debug;
		};
		2BB036302CF8DD9B0030B376 /* Release */ = {
			isa = XCBuildConfiguration;
			buildSettings = {
				ASSETCATALOG_COMPILER_APPICON_NAME = AppIcon;
				ASSETCATALOG_COMPILER_GLOBAL_ACCENT_COLOR_NAME = AccentColor;
				CODE_SIGN_STYLE = Automatic;
				CURRENT_PROJECT_VERSION = 1;
				GENERATE_INFOPLIST_FILE = YES;
				INFOPLIST_FILE = Gallery_App/Info.plist;
				INFOPLIST_KEY_UIApplicationSupportsIndirectInputEvents = YES;
				INFOPLIST_KEY_UILaunchStoryboardName = LaunchScreen;
				INFOPLIST_KEY_UISupportedInterfaceOrientations = UIInterfaceOrientationPortrait;
				IPHONEOS_DEPLOYMENT_TARGET = 15.0;
				LD_RUNPATH_SEARCH_PATHS = (
					"$(inherited)",
					"@executable_path/Frameworks",
				);
				MARKETING_VERSION = 1.0;
				PRODUCT_BUNDLE_IDENTIFIER = "-2.Gallery-App";
				PRODUCT_NAME = "$(TARGET_NAME)";
				SUPPORTED_PLATFORMS = "iphoneos iphonesimulator";
				SUPPORTS_MACCATALYST = NO;
				SUPPORTS_MAC_DESIGNED_FOR_IPHONE_IPAD = NO;
				SUPPORTS_XR_DESIGNED_FOR_IPHONE_IPAD = NO;
				SWIFT_EMIT_LOC_STRINGS = YES;
				SWIFT_VERSION = 5.0;
				TARGETED_DEVICE_FAMILY = 1;
			};
			name = Release;
		};
		2BBB33012D3433FA00F73484 /* Debug */ = {
			isa = XCBuildConfiguration;
			buildSettings = {
				BUNDLE_LOADER = "$(TEST_HOST)";
				CLANG_ENABLE_MODULES = YES;
				CODE_SIGN_STYLE = Automatic;
				CURRENT_PROJECT_VERSION = 1;
				GENERATE_INFOPLIST_FILE = YES;
				MARKETING_VERSION = 1.0;
				PRODUCT_BUNDLE_IDENTIFIER = "-2.Gallery-AppTests";
				PRODUCT_NAME = "$(TARGET_NAME)";
				SWIFT_EMIT_LOC_STRINGS = NO;
				SWIFT_OPTIMIZATION_LEVEL = "-Onone";
				SWIFT_VERSION = 5.0;
				TARGETED_DEVICE_FAMILY = "1,2";
				TEST_HOST = "$(BUILT_PRODUCTS_DIR)/Gallery_App.app/$(BUNDLE_EXECUTABLE_FOLDER_PATH)/Gallery_App";
			};
			name = Debug;
		};
		2BBB33022D3433FA00F73484 /* Release */ = {
			isa = XCBuildConfiguration;
			buildSettings = {
				BUNDLE_LOADER = "$(TEST_HOST)";
				CLANG_ENABLE_MODULES = YES;
				CODE_SIGN_STYLE = Automatic;
				CURRENT_PROJECT_VERSION = 1;
				GENERATE_INFOPLIST_FILE = YES;
				MARKETING_VERSION = 1.0;
				PRODUCT_BUNDLE_IDENTIFIER = "-2.Gallery-AppTests";
				PRODUCT_NAME = "$(TARGET_NAME)";
				SWIFT_EMIT_LOC_STRINGS = NO;
				SWIFT_VERSION = 5.0;
				TARGETED_DEVICE_FAMILY = "1,2";
				TEST_HOST = "$(BUILT_PRODUCTS_DIR)/Gallery_App.app/$(BUNDLE_EXECUTABLE_FOLDER_PATH)/Gallery_App";
			};
			name = Release;
		};
/* End XCBuildConfiguration section */

/* Begin XCConfigurationList section */
		2BB036152CF8DD9A0030B376 /* Build configuration list for PBXProject "Gallery_App" */ = {
			isa = XCConfigurationList;
			buildConfigurations = (
				2BB0362C2CF8DD9B0030B376 /* Debug */,
				2BB0362D2CF8DD9B0030B376 /* Release */,
			);
			defaultConfigurationIsVisible = 0;
			defaultConfigurationName = Release;
		};
		2BB0362E2CF8DD9B0030B376 /* Build configuration list for PBXNativeTarget "Gallery_App" */ = {
			isa = XCConfigurationList;
			buildConfigurations = (
				2BB0362F2CF8DD9B0030B376 /* Debug */,
				2BB036302CF8DD9B0030B376 /* Release */,
			);
			defaultConfigurationIsVisible = 0;
			defaultConfigurationName = Release;
		};
		2BBB33032D3433FA00F73484 /* Build configuration list for PBXNativeTarget "Gallery_AppTests" */ = {
			isa = XCConfigurationList;
			buildConfigurations = (
				2BBB33012D3433FA00F73484 /* Debug */,
				2BBB33022D3433FA00F73484 /* Release */,
			);
			defaultConfigurationIsVisible = 0;
			defaultConfigurationName = Release;
		};
/* End XCConfigurationList section */

/* Begin XCVersionGroup section */
		2B4950CA2D4016F2001FE206 /* Gallery_App.xcdatamodeld */ = {
			isa = XCVersionGroup;
			children = (
				2B4950CB2D4016F2001FE206 /* Gallery_App.xcdatamodel */,
			);
			currentVersion = 2B4950CB2D4016F2001FE206 /* Gallery_App.xcdatamodel */;
			name = Gallery_App.xcdatamodeld;
			path = /Users/uladzislau/Swift/Gallery_App/Gallery_App/Gallery_App/Gallery_App.xcdatamodeld;
			sourceTree = "<group>";
			versionGroupType = wrapper.xcdatamodel;
		};
/* End XCVersionGroup section */
	};
	rootObject = 2BB036122CF8DD9A0030B376 /* Project object */;
}
